
Microsoft Visual Studio Solution File, Format Version 12.00
# Visual Studio 15
VisualStudioVersion = 15.0.27428.2037
MinimumVisualStudioVersion = 10.0.40219.1
Project("{9A19103F-16F7-4668-BE54-9A1E7A4F7556}") = "Review14", "Review14\Review14.csproj", "{A5C8237C-9A22-49C3-88F3-91EA223C386A}"
EndProject
Project("{FAE04EC0-301F-11D3-BF4B-00C04F79EFBC}") = "GummyKingdom.Tests", "GummyKingdom.Tests\GummyKingdom.Tests.csproj", "{DEC54782-FA88-4417-85A7-A88E355B74B1}"
EndProject
Global
	GlobalSection(SolutionConfigurationPlatforms) = preSolution
		Debug|Any CPU = Debug|Any CPU
		Release|Any CPU = Release|Any CPU
	EndGlobalSection
	GlobalSection(ProjectConfigurationPlatforms) = postSolution
		{A5C8237C-9A22-49C3-88F3-91EA223C386A}.Debug|Any CPU.ActiveCfg = Debug|Any CPU
		{A5C8237C-9A22-49C3-88F3-91EA223C386A}.Debug|Any CPU.Build.0 = Debug|Any CPU
		{A5C8237C-9A22-49C3-88F3-91EA223C386A}.Release|Any CPU.ActiveCfg = Release|Any CPU
		{A5C8237C-9A22-49C3-88F3-91EA223C386A}.Release|Any CPU.Build.0 = Release|Any CPU
		{DEC54782-FA88-4417-85A7-A88E355B74B1}.Debug|Any CPU.ActiveCfg = Debug|Any CPU
		{DEC54782-FA88-4417-85A7-A88E355B74B1}.Debug|Any CPU.Build.0 = Debug|Any CPU
		{DEC54782-FA88-4417-85A7-A88E355B74B1}.Release|Any CPU.ActiveCfg = Release|Any CPU
		{DEC54782-FA88-4417-85A7-A88E355B74B1}.Release|Any CPU.Build.0 = Release|Any CPU
	EndGlobalSection
	GlobalSection(SolutionProperties) = preSolution
		HideSolutionNode = FALSE
	EndGlobalSection
	GlobalSection(ExtensibilityGlobals) = postSolution
		SolutionGuid = {BBB8B856-4123-4250-ACD3-94822796689F}
	EndGlobalSection
EndGlobal
